// !$*UTF8*$!
{
	archiveVersion = 1;
	classes = {
	};
	objectVersion = 50;
	objects = {

/* Begin PBXBuildFile section */
		B609387D22ACF056008B7C1E /* main.cpp in Sources */ = {isa = PBXBuildFile; fileRef = B609387C22ACF056008B7C1E /* main.cpp */; };
		B60938A122AD7DE0008B7C1E /* IntegerTests.cpp in Sources */ = {isa = PBXBuildFile; fileRef = B60938A022AD7DE0008B7C1E /* IntegerTests.cpp */; };
		B60938A322AD7F43008B7C1E /* SimplePrimitiveTypeTests.cpp in Sources */ = {isa = PBXBuildFile; fileRef = B60938A222AD7F43008B7C1E /* SimplePrimitiveTypeTests.cpp */; };
		B60938A522AD863C008B7C1E /* ComplexClassTests.cpp in Sources */ = {isa = PBXBuildFile; fileRef = B60938A422AD863C008B7C1E /* ComplexClassTests.cpp */; };
		B60938A722ADE786008B7C1E /* MemoryPoolTests.cpp in Sources */ = {isa = PBXBuildFile; fileRef = B60938A622ADE786008B7C1E /* MemoryPoolTests.cpp */; };
		B60938A922ADF9C5008B7C1E /* ComplexClass.hpp in Sources */ = {isa = PBXBuildFile; fileRef = B60938A822ADF9C5008B7C1E /* ComplexClass.hpp */; };
		B60938D622AE3940008B7C1E /* Benchmark.cpp in Sources */ = {isa = PBXBuildFile; fileRef = B60938D522AE3940008B7C1E /* Benchmark.cpp */; };
		B60938D722AE3954008B7C1E /* libbenchmark.a in Frameworks */ = {isa = PBXBuildFile; fileRef = B60938D322AE384D008B7C1E /* libbenchmark.a */; };
		B60938D922AE3B4B008B7C1E /* libgtest.a in Frameworks */ = {isa = PBXBuildFile; fileRef = B60938D822AE3B4B008B7C1E /* libgtest.a */; };
/* End PBXBuildFile section */

/* Begin PBXCopyFilesBuildPhase section */
		B609386F22ACEFF0008B7C1E /* CopyFiles */ = {
			isa = PBXCopyFilesBuildPhase;
			buildActionMask = 12;
			dstPath = "";
			dstSubfolderSpec = 16;
			files = (
			);
			runOnlyForDeploymentPostprocessing = 0;
		};
/* End PBXCopyFilesBuildPhase section */

/* Begin PBXFileReference section */
		B609387122ACEFF0008B7C1E /* MemoryPoolTests */ = {isa = PBXFileReference; explicitFileType = "compiled.mach-o.executable"; includeInIndex = 0; path = MemoryPoolTests; sourceTree = BUILT_PRODUCTS_DIR; };
		B609387C22ACF056008B7C1E /* main.cpp */ = {isa = PBXFileReference; fileEncoding = 4; lastKnownFileType = sourcecode.cpp.cpp; path = main.cpp; sourceTree = "<group>"; };
		B609387F22ACF18C008B7C1E /* MemoryPool.hpp */ = {isa = PBXFileReference; fileEncoding = 4; lastKnownFileType = sourcecode.cpp.h; path = MemoryPool.hpp; sourceTree = "<group>"; };
		B609388322ACF2CA008B7C1E /* gtest-matchers.h */ = {isa = PBXFileReference; fileEncoding = 4; lastKnownFileType = sourcecode.c.h; path = "gtest-matchers.h"; sourceTree = "<group>"; };
		B609388422ACF2CA008B7C1E /* gtest-death-test.h */ = {isa = PBXFileReference; fileEncoding = 4; lastKnownFileType = sourcecode.c.h; path = "gtest-death-test.h"; sourceTree = "<group>"; };
		B609388522ACF2CA008B7C1E /* gtest-spi.h */ = {isa = PBXFileReference; fileEncoding = 4; lastKnownFileType = sourcecode.c.h; path = "gtest-spi.h"; sourceTree = "<group>"; };
		B609388722ACF2CA008B7C1E /* gtest-string.h */ = {isa = PBXFileReference; fileEncoding = 4; lastKnownFileType = sourcecode.c.h; path = "gtest-string.h"; sourceTree = "<group>"; };
		B609388822ACF2CA008B7C1E /* gtest-death-test-internal.h */ = {isa = PBXFileReference; fileEncoding = 4; lastKnownFileType = sourcecode.c.h; path = "gtest-death-test-internal.h"; sourceTree = "<group>"; };
		B609388922ACF2CA008B7C1E /* gtest-type-util.h.pump */ = {isa = PBXFileReference; fileEncoding = 4; lastKnownFileType = text; path = "gtest-type-util.h.pump"; sourceTree = "<group>"; };
		B609388A22ACF2CA008B7C1E /* gtest-port.h */ = {isa = PBXFileReference; fileEncoding = 4; lastKnownFileType = sourcecode.c.h; path = "gtest-port.h"; sourceTree = "<group>"; };
		B609388B22ACF2CA008B7C1E /* gtest-port-arch.h */ = {isa = PBXFileReference; fileEncoding = 4; lastKnownFileType = sourcecode.c.h; path = "gtest-port-arch.h"; sourceTree = "<group>"; };
		B609388C22ACF2CA008B7C1E /* gtest-internal.h */ = {isa = PBXFileReference; fileEncoding = 4; lastKnownFileType = sourcecode.c.h; path = "gtest-internal.h"; sourceTree = "<group>"; };
		B609388D22ACF2CA008B7C1E /* gtest-param-util.h */ = {isa = PBXFileReference; fileEncoding = 4; lastKnownFileType = sourcecode.c.h; path = "gtest-param-util.h"; sourceTree = "<group>"; };
		B609388E22ACF2CA008B7C1E /* gtest-type-util.h */ = {isa = PBXFileReference; fileEncoding = 4; lastKnownFileType = sourcecode.c.h; path = "gtest-type-util.h"; sourceTree = "<group>"; };
		B609388F22ACF2CA008B7C1E /* gtest-filepath.h */ = {isa = PBXFileReference; fileEncoding = 4; lastKnownFileType = sourcecode.c.h; path = "gtest-filepath.h"; sourceTree = "<group>"; };
		B609389122ACF2CA008B7C1E /* gtest-port.h */ = {isa = PBXFileReference; fileEncoding = 4; lastKnownFileType = sourcecode.c.h; path = "gtest-port.h"; sourceTree = "<group>"; };
		B609389222ACF2CA008B7C1E /* README.md */ = {isa = PBXFileReference; fileEncoding = 4; lastKnownFileType = net.daringfireball.markdown; path = README.md; sourceTree = "<group>"; };
		B609389322ACF2CA008B7C1E /* gtest.h */ = {isa = PBXFileReference; fileEncoding = 4; lastKnownFileType = sourcecode.c.h; path = gtest.h; sourceTree = "<group>"; };
		B609389422ACF2CA008B7C1E /* gtest-printers.h */ = {isa = PBXFileReference; fileEncoding = 4; lastKnownFileType = sourcecode.c.h; path = "gtest-printers.h"; sourceTree = "<group>"; };
		B609389522ACF2CA008B7C1E /* gtest-message.h */ = {isa = PBXFileReference; fileEncoding = 4; lastKnownFileType = sourcecode.c.h; path = "gtest-message.h"; sourceTree = "<group>"; };
		B609389622ACF2CA008B7C1E /* gtest-param-test.h */ = {isa = PBXFileReference; fileEncoding = 4; lastKnownFileType = sourcecode.c.h; path = "gtest-param-test.h"; sourceTree = "<group>"; };
		B609389722ACF2CA008B7C1E /* gtest-typed-test.h */ = {isa = PBXFileReference; fileEncoding = 4; lastKnownFileType = sourcecode.c.h; path = "gtest-typed-test.h"; sourceTree = "<group>"; };
		B609389822ACF2CA008B7C1E /* gtest_pred_impl.h */ = {isa = PBXFileReference; fileEncoding = 4; lastKnownFileType = sourcecode.c.h; path = gtest_pred_impl.h; sourceTree = "<group>"; };
		B609389922ACF2CA008B7C1E /* gtest_prod.h */ = {isa = PBXFileReference; fileEncoding = 4; lastKnownFileType = sourcecode.c.h; path = gtest_prod.h; sourceTree = "<group>"; };
		B609389A22ACF2CA008B7C1E /* gtest-test-part.h */ = {isa = PBXFileReference; fileEncoding = 4; lastKnownFileType = sourcecode.c.h; path = "gtest-test-part.h"; sourceTree = "<group>"; };
		B609389B22ACF2CA008B7C1E /* gtest.h */ = {isa = PBXFileReference; fileEncoding = 4; lastKnownFileType = sourcecode.c.h; path = gtest.h; sourceTree = "<group>"; };
		B609389C22ACF2CA008B7C1E /* gtest-printers.h */ = {isa = PBXFileReference; fileEncoding = 4; lastKnownFileType = sourcecode.c.h; path = "gtest-printers.h"; sourceTree = "<group>"; };
		B60938A022AD7DE0008B7C1E /* IntegerTests.cpp */ = {isa = PBXFileReference; lastKnownFileType = sourcecode.cpp.cpp; path = IntegerTests.cpp; sourceTree = "<group>"; };
		B60938A222AD7F43008B7C1E /* SimplePrimitiveTypeTests.cpp */ = {isa = PBXFileReference; lastKnownFileType = sourcecode.cpp.cpp; path = SimplePrimitiveTypeTests.cpp; sourceTree = "<group>"; };
		B60938A422AD863C008B7C1E /* ComplexClassTests.cpp */ = {isa = PBXFileReference; lastKnownFileType = sourcecode.cpp.cpp; path = ComplexClassTests.cpp; sourceTree = "<group>"; };
		B60938A622ADE786008B7C1E /* MemoryPoolTests.cpp */ = {isa = PBXFileReference; lastKnownFileType = sourcecode.cpp.cpp; path = MemoryPoolTests.cpp; sourceTree = "<group>"; };
		B60938A822ADF9C5008B7C1E /* ComplexClass.hpp */ = {isa = PBXFileReference; lastKnownFileType = sourcecode.cpp.h; path = ComplexClass.hpp; sourceTree = "<group>"; };
		B60938C622AE30D9008B7C1E /* benchmark.h */ = {isa = PBXFileReference; lastKnownFileType = sourcecode.c.h; path = benchmark.h; sourceTree = "<group>"; };
		B60938D322AE384D008B7C1E /* libbenchmark.a */ = {isa = PBXFileReference; lastKnownFileType = archive.ar; path = libbenchmark.a; sourceTree = "<group>"; };
		B60938D522AE3940008B7C1E /* Benchmark.cpp */ = {isa = PBXFileReference; fileEncoding = 4; lastKnownFileType = sourcecode.cpp.cpp; path = Benchmark.cpp; sourceTree = "<group>"; };
		B60938D822AE3B4B008B7C1E /* libgtest.a */ = {isa = PBXFileReference; lastKnownFileType = archive.ar; path = libgtest.a; sourceTree = "<group>"; };
/* End PBXFileReference section */

/* Begin PBXFrameworksBuildPhase section */
		B609386E22ACEFF0008B7C1E /* Frameworks */ = {
			isa = PBXFrameworksBuildPhase;
			buildActionMask = 2147483647;
			files = (
				B60938D722AE3954008B7C1E /* libbenchmark.a in Frameworks */,
				B60938D922AE3B4B008B7C1E /* libgtest.a in Frameworks */,
			);
			runOnlyForDeploymentPostprocessing = 0;
		};
/* End PBXFrameworksBuildPhase section */

/* Begin PBXGroup section */
		B609386822ACEFF0008B7C1E = {
			isa = PBXGroup;
			children = (
				B609388022ACF2CA008B7C1E /* gtests */,
				B609387E22ACF18C008B7C1E /* src */,
				B609387B22ACF056008B7C1E /* tests */,
				B609387222ACEFF0008B7C1E /* Products */,
			);
			sourceTree = "<group>";
		};
		B609387222ACEFF0008B7C1E /* Products */ = {
			isa = PBXGroup;
			children = (
				B609387122ACEFF0008B7C1E /* MemoryPoolTests */,
			);
			name = Products;
			sourceTree = "<group>";
		};
		B609387B22ACF056008B7C1E /* tests */ = {
			isa = PBXGroup;
			children = (
				B60938D522AE3940008B7C1E /* Benchmark.cpp */,
				B609387C22ACF056008B7C1E /* main.cpp */,
				B60938A622ADE786008B7C1E /* MemoryPoolTests.cpp */,
				B60938A222AD7F43008B7C1E /* SimplePrimitiveTypeTests.cpp */,
				B60938A422AD863C008B7C1E /* ComplexClassTests.cpp */,
				B60938A822ADF9C5008B7C1E /* ComplexClass.hpp */,
				B60938A022AD7DE0008B7C1E /* IntegerTests.cpp */,
			);
			name = tests;
			path = ../tests;
			sourceTree = "<group>";
		};
		B609387E22ACF18C008B7C1E /* src */ = {
			isa = PBXGroup;
			children = (
				B609387F22ACF18C008B7C1E /* MemoryPool.hpp */,
			);
			name = src;
			path = ../src;
			sourceTree = "<group>";
		};
		B609388022ACF2CA008B7C1E /* gtests */ = {
			isa = PBXGroup;
			children = (
				B60938D322AE384D008B7C1E /* libbenchmark.a */,
				B60938D822AE3B4B008B7C1E /* libgtest.a */,
				B609388122ACF2CA008B7C1E /* include */,
			);
			name = gtests;
			path = ../gtests;
			sourceTree = "<group>";
		};
		B609388122ACF2CA008B7C1E /* include */ = {
			isa = PBXGroup;
			children = (
				B60938C522AE30D9008B7C1E /* benchmark */,
				B609388222ACF2CA008B7C1E /* gtest */,
			);
			path = include;
			sourceTree = "<group>";
		};
		B609388222ACF2CA008B7C1E /* gtest */ = {
			isa = PBXGroup;
			children = (
				B609388322ACF2CA008B7C1E /* gtest-matchers.h */,
				B609388422ACF2CA008B7C1E /* gtest-death-test.h */,
				B609388522ACF2CA008B7C1E /* gtest-spi.h */,
				B609388622ACF2CA008B7C1E /* internal */,
				B609389522ACF2CA008B7C1E /* gtest-message.h */,
				B609389622ACF2CA008B7C1E /* gtest-param-test.h */,
				B609389722ACF2CA008B7C1E /* gtest-typed-test.h */,
				B609389822ACF2CA008B7C1E /* gtest_pred_impl.h */,
				B609389922ACF2CA008B7C1E /* gtest_prod.h */,
				B609389A22ACF2CA008B7C1E /* gtest-test-part.h */,
				B609389B22ACF2CA008B7C1E /* gtest.h */,
				B609389C22ACF2CA008B7C1E /* gtest-printers.h */,
			);
			path = gtest;
			sourceTree = "<group>";
		};
		B609388622ACF2CA008B7C1E /* internal */ = {
			isa = PBXGroup;
			children = (
				B609388722ACF2CA008B7C1E /* gtest-string.h */,
				B609388822ACF2CA008B7C1E /* gtest-death-test-internal.h */,
				B609388922ACF2CA008B7C1E /* gtest-type-util.h.pump */,
				B609388A22ACF2CA008B7C1E /* gtest-port.h */,
				B609388B22ACF2CA008B7C1E /* gtest-port-arch.h */,
				B609388C22ACF2CA008B7C1E /* gtest-internal.h */,
				B609388D22ACF2CA008B7C1E /* gtest-param-util.h */,
				B609388E22ACF2CA008B7C1E /* gtest-type-util.h */,
				B609388F22ACF2CA008B7C1E /* gtest-filepath.h */,
				B609389022ACF2CA008B7C1E /* custom */,
			);
			path = internal;
			sourceTree = "<group>";
		};
		B609389022ACF2CA008B7C1E /* custom */ = {
			isa = PBXGroup;
			children = (
				B609389122ACF2CA008B7C1E /* gtest-port.h */,
				B609389222ACF2CA008B7C1E /* README.md */,
				B609389322ACF2CA008B7C1E /* gtest.h */,
				B609389422ACF2CA008B7C1E /* gtest-printers.h */,
			);
			path = custom;
			sourceTree = "<group>";
		};
		B60938C522AE30D9008B7C1E /* benchmark */ = {
			isa = PBXGroup;
			children = (
				B60938C622AE30D9008B7C1E /* benchmark.h */,
			);
			path = benchmark;
			sourceTree = "<group>";
		};
/* End PBXGroup section */

/* Begin PBXNativeTarget section */
		B609387022ACEFF0008B7C1E /* MemoryPoolTests */ = {
			isa = PBXNativeTarget;
			buildConfigurationList = B609387822ACEFF0008B7C1E /* Build configuration list for PBXNativeTarget "MemoryPoolTests" */;
			buildPhases = (
				B609386D22ACEFF0008B7C1E /* Sources */,
				B609386E22ACEFF0008B7C1E /* Frameworks */,
				B609386F22ACEFF0008B7C1E /* CopyFiles */,
			);
			buildRules = (
			);
			dependencies = (
			);
			name = MemoryPoolTests;
			productName = ThreadSafeMemoryPool;
			productReference = B609387122ACEFF0008B7C1E /* MemoryPoolTests */;
			productType = "com.apple.product-type.tool";
		};
/* End PBXNativeTarget section */

/* Begin PBXProject section */
		B609386922ACEFF0008B7C1E /* Project object */ = {
			isa = PBXProject;
			attributes = {
				LastUpgradeCheck = 1010;
				ORGANIZATIONNAME = "Siddarth Pc";
				TargetAttributes = {
					B609387022ACEFF0008B7C1E = {
						CreatedOnToolsVersion = 10.1;
					};
				};
			};
			buildConfigurationList = B609386C22ACEFF0008B7C1E /* Build configuration list for PBXProject "ThreadSafeMemoryPool" */;
			compatibilityVersion = "Xcode 9.3";
			developmentRegion = en;
			hasScannedForEncodings = 0;
			knownRegions = (
				en,
			);
			mainGroup = B609386822ACEFF0008B7C1E;
			productRefGroup = B609387222ACEFF0008B7C1E /* Products */;
			projectDirPath = "";
			projectRoot = "";
			targets = (
				B609387022ACEFF0008B7C1E /* MemoryPoolTests */,
			);
		};
/* End PBXProject section */

/* Begin PBXSourcesBuildPhase section */
		B609386D22ACEFF0008B7C1E /* Sources */ = {
			isa = PBXSourcesBuildPhase;
			buildActionMask = 2147483647;
			files = (
				B60938A722ADE786008B7C1E /* MemoryPoolTests.cpp in Sources */,
				B60938D622AE3940008B7C1E /* Benchmark.cpp in Sources */,
				B609387D22ACF056008B7C1E /* main.cpp in Sources */,
				B60938A322AD7F43008B7C1E /* SimplePrimitiveTypeTests.cpp in Sources */,
				B60938A922ADF9C5008B7C1E /* ComplexClass.hpp in Sources */,
				B60938A522AD863C008B7C1E /* ComplexClassTests.cpp in Sources */,
				B60938A122AD7DE0008B7C1E /* IntegerTests.cpp in Sources */,
			);
			runOnlyForDeploymentPostprocessing = 0;
		};
/* End PBXSourcesBuildPhase section */

/* Begin XCBuildConfiguration section */
		B609387622ACEFF0008B7C1E /* Debug */ = {
			isa = XCBuildConfiguration;
			buildSettings = {
				ALWAYS_SEARCH_USER_PATHS = NO;
				CLANG_ANALYZER_NONNULL = YES;
				CLANG_ANALYZER_NUMBER_OBJECT_CONVERSION = YES_AGGRESSIVE;
				CLANG_CXX_LANGUAGE_STANDARD = "gnu++14";
				CLANG_CXX_LIBRARY = "libc++";
				CLANG_ENABLE_MODULES = YES;
				CLANG_ENABLE_OBJC_ARC = YES;
				CLANG_ENABLE_OBJC_WEAK = YES;
				CLANG_WARN_BLOCK_CAPTURE_AUTORELEASING = YES;
				CLANG_WARN_BOOL_CONVERSION = YES;
				CLANG_WARN_COMMA = YES;
				CLANG_WARN_CONSTANT_CONVERSION = YES;
				CLANG_WARN_DEPRECATED_OBJC_IMPLEMENTATIONS = YES;
				CLANG_WARN_DIRECT_OBJC_ISA_USAGE = YES_ERROR;
				CLANG_WARN_DOCUMENTATION_COMMENTS = YES;
				CLANG_WARN_EMPTY_BODY = YES;
				CLANG_WARN_ENUM_CONVERSION = YES;
				CLANG_WARN_INFINITE_RECURSION = YES;
				CLANG_WARN_INT_CONVERSION = YES;
				CLANG_WARN_NON_LITERAL_NULL_CONVERSION = YES;
				CLANG_WARN_OBJC_IMPLICIT_RETAIN_SELF = YES;
				CLANG_WARN_OBJC_LITERAL_CONVERSION = YES;
				CLANG_WARN_OBJC_ROOT_CLASS = YES_ERROR;
				CLANG_WARN_RANGE_LOOP_ANALYSIS = YES;
				CLANG_WARN_STRICT_PROTOTYPES = YES;
				CLANG_WARN_SUSPICIOUS_MOVE = YES;
				CLANG_WARN_UNGUARDED_AVAILABILITY = YES_AGGRESSIVE;
				CLANG_WARN_UNREACHABLE_CODE = YES;
				CLANG_WARN__DUPLICATE_METHOD_MATCH = YES;
				CODE_SIGN_IDENTITY = "-";
				COPY_PHASE_STRIP = NO;
				DEBUG_INFORMATION_FORMAT = dwarf;
				ENABLE_STRICT_OBJC_MSGSEND = YES;
				ENABLE_TESTABILITY = YES;
				FRAMEWORK_SEARCH_PATHS = "$(PROJECT_DIR)/../gtests";
				GCC_C_LANGUAGE_STANDARD = gnu11;
				GCC_DYNAMIC_NO_PIC = NO;
				GCC_NO_COMMON_BLOCKS = YES;
				GCC_OPTIMIZATION_LEVEL = 0;
				GCC_PREPROCESSOR_DEFINITIONS = (
					"DEBUG=1",
					"$(inherited)",
				);
				GCC_WARN_64_TO_32_BIT_CONVERSION = YES;
				GCC_WARN_ABOUT_RETURN_TYPE = YES_ERROR;
				GCC_WARN_UNDECLARED_SELECTOR = YES;
				GCC_WARN_UNINITIALIZED_AUTOS = YES_AGGRESSIVE;
				GCC_WARN_UNUSED_FUNCTION = YES;
				GCC_WARN_UNUSED_VARIABLE = YES;
				LIBRARY_SEARCH_PATHS = "$(PROJECT_DIR)/../gtests";
				MACOSX_DEPLOYMENT_TARGET = 10.14;
				MTL_ENABLE_DEBUG_INFO = INCLUDE_SOURCE;
				MTL_FAST_MATH = YES;
				ONLY_ACTIVE_ARCH = YES;
				SDKROOT = macosx;
				SYSTEM_HEADER_SEARCH_PATHS = "$(PROJECT_DIR)/../gtests/include";
			};
			name = Debug;
		};
		B609387722ACEFF0008B7C1E /* Release */ = {
			isa = XCBuildConfiguration;
			buildSettings = {
				ALWAYS_SEARCH_USER_PATHS = NO;
				CLANG_ANALYZER_NONNULL = YES;
				CLANG_ANALYZER_NUMBER_OBJECT_CONVERSION = YES_AGGRESSIVE;
				CLANG_CXX_LANGUAGE_STANDARD = "gnu++14";
				CLANG_CXX_LIBRARY = "libc++";
				CLANG_ENABLE_MODULES = YES;
				CLANG_ENABLE_OBJC_ARC = YES;
				CLANG_ENABLE_OBJC_WEAK = YES;
				CLANG_WARN_BLOCK_CAPTURE_AUTORELEASING = YES;
				CLANG_WARN_BOOL_CONVERSION = YES;
				CLANG_WARN_COMMA = YES;
				CLANG_WARN_CONSTANT_CONVERSION = YES;
				CLANG_WARN_DEPRECATED_OBJC_IMPLEMENTATIONS = YES;
				CLANG_WARN_DIRECT_OBJC_ISA_USAGE = YES_ERROR;
				CLANG_WARN_DOCUMENTATION_COMMENTS = YES;
				CLANG_WARN_EMPTY_BODY = YES;
				CLANG_WARN_ENUM_CONVERSION = YES;
				CLANG_WARN_INFINITE_RECURSION = YES;
				CLANG_WARN_INT_CONVERSION = YES;
				CLANG_WARN_NON_LITERAL_NULL_CONVERSION = YES;
				CLANG_WARN_OBJC_IMPLICIT_RETAIN_SELF = YES;
				CLANG_WARN_OBJC_LITERAL_CONVERSION = YES;
				CLANG_WARN_OBJC_ROOT_CLASS = YES_ERROR;
				CLANG_WARN_RANGE_LOOP_ANALYSIS = YES;
				CLANG_WARN_STRICT_PROTOTYPES = YES;
				CLANG_WARN_SUSPICIOUS_MOVE = YES;
				CLANG_WARN_UNGUARDED_AVAILABILITY = YES_AGGRESSIVE;
				CLANG_WARN_UNREACHABLE_CODE = YES;
				CLANG_WARN__DUPLICATE_METHOD_MATCH = YES;
				CODE_SIGN_IDENTITY = "-";
				COPY_PHASE_STRIP = NO;
				DEBUG_INFORMATION_FORMAT = "dwarf-with-dsym";
				ENABLE_NS_ASSERTIONS = NO;
				ENABLE_STRICT_OBJC_MSGSEND = YES;
				FRAMEWORK_SEARCH_PATHS = "$(PROJECT_DIR)/../gtests";
				GCC_C_LANGUAGE_STANDARD = gnu11;
				GCC_NO_COMMON_BLOCKS = YES;
				GCC_OPTIMIZATION_LEVEL = fast;
				GCC_WARN_64_TO_32_BIT_CONVERSION = YES;
				GCC_WARN_ABOUT_RETURN_TYPE = YES_ERROR;
				GCC_WARN_UNDECLARED_SELECTOR = YES;
				GCC_WARN_UNINITIALIZED_AUTOS = YES_AGGRESSIVE;
				GCC_WARN_UNUSED_FUNCTION = YES;
				GCC_WARN_UNUSED_VARIABLE = YES;
				LIBRARY_SEARCH_PATHS = "$(PROJECT_DIR)/../gtests";
				MACOSX_DEPLOYMENT_TARGET = 10.14;
				MTL_ENABLE_DEBUG_INFO = NO;
				MTL_FAST_MATH = YES;
				SDKROOT = macosx;
				SYSTEM_HEADER_SEARCH_PATHS = "$(PROJECT_DIR)/../gtests/include";
			};
			name = Release;
		};
		B609387922ACEFF0008B7C1E /* Debug */ = {
			isa = XCBuildConfiguration;
			buildSettings = {
				CODE_SIGN_STYLE = Automatic;
				LD_RUNPATH_SEARCH_PATHS = "";
				PRODUCT_NAME = "$(TARGET_NAME)";
			};
			name = Debug;
		};
		B609387A22ACEFF0008B7C1E /* Release */ = {
			isa = XCBuildConfiguration;
			buildSettings = {
				CODE_SIGN_STYLE = Automatic;
				LD_RUNPATH_SEARCH_PATHS = "";
				PRODUCT_NAME = "$(TARGET_NAME)";
			};
			name = Release;
		};
/* End XCBuildConfiguration section */

/* Begin XCConfigurationList section */
		B609386C22ACEFF0008B7C1E /* Build configuration list for PBXProject "ThreadSafeMemoryPool" */ = {
			isa = XCConfigurationList;
			buildConfigurations = (
				B609387622ACEFF0008B7C1E /* Debug */,
				B609387722ACEFF0008B7C1E /* Release */,
			);
			defaultConfigurationIsVisible = 0;
			defaultConfigurationName = Release;
		};
		B609387822ACEFF0008B7C1E /* Build configuration list for PBXNativeTarget "MemoryPoolTests" */ = {
			isa = XCConfigurationList;
			buildConfigurations = (
				B609387922ACEFF0008B7C1E /* Debug */,
				B609387A22ACEFF0008B7C1E /* Release */,
			);
			defaultConfigurationIsVisible = 0;
			defaultConfigurationName = Release;
		};
/* End XCConfigurationList section */
	};
	rootObject = B609386922ACEFF0008B7C1E /* Project object */;
}
